
Microsoft Visual Studio Solution File, Format Version 12.00
# Visual Studio Version 17
VisualStudioVersion = 17.13.35931.197
MinimumVisualStudioVersion = 10.0.40219.1
Project("{FAE04EC0-301F-11D3-BF4B-00C04F79EFBC}") = "Blazor", "Blazor\Blazor.csproj", "{072C406E-27BD-4316-9B8B-773C6175999B}"
EndProject
Project("{FAE04EC0-301F-11D3-BF4B-00C04F79EFBC}") = "TODOlist", "TODOlist\TODOlist.csproj", "{1CBA0160-D586-446A-B812-4CE1C4457B46}"
EndProject
Project("{FAE04EC0-301F-11D3-BF4B-00C04F79EFBC}") = "Movies", "Movies\Movies.csproj", "{F989A90A-717B-40AE-8AD1-FEE2AC13AA79}"
EndProject
Project("{FAE04EC0-301F-11D3-BF4B-00C04F79EFBC}") = "Academy", "Academy\Academy.csproj", "{8F7BC7A6-1AA5-4681-93B7-F054DAF63358}"
EndProject
Global
	GlobalSection(SolutionConfigurationPlatforms) = preSolution
		Debug|Any CPU = Debug|Any CPU
		Release|Any CPU = Release|Any CPU
	EndGlobalSection
	GlobalSection(ProjectConfigurationPlatforms) = postSolution
		{072C406E-27BD-4316-9B8B-773C6175999B}.Debug|Any CPU.ActiveCfg = Debug|Any CPU
		{072C406E-27BD-4316-9B8B-773C6175999B}.Debug|Any CPU.Build.0 = Debug|Any CPU
		{072C406E-27BD-4316-9B8B-773C6175999B}.Release|Any CPU.ActiveCfg = Release|Any CPU
		{072C406E-27BD-4316-9B8B-773C6175999B}.Release|Any CPU.Build.0 = Release|Any CPU
		{1CBA0160-D586-446A-B812-4CE1C4457B46}.Debug|Any CPU.ActiveCfg = Debug|Any CPU
		{1CBA0160-D586-446A-B812-4CE1C4457B46}.Debug|Any CPU.Build.0 = Debug|Any CPU
		{1CBA0160-D586-446A-B812-4CE1C4457B46}.Release|Any CPU.ActiveCfg = Release|Any CPU
		{1CBA0160-D586-446A-B812-4CE1C4457B46}.Release|Any CPU.Build.0 = Release|Any CPU
		{F989A90A-717B-40AE-8AD1-FEE2AC13AA79}.Debug|Any CPU.ActiveCfg = Debug|Any CPU
		{F989A90A-717B-40AE-8AD1-FEE2AC13AA79}.Debug|Any CPU.Build.0 = Debug|Any CPU
		{F989A90A-717B-40AE-8AD1-FEE2AC13AA79}.Release|Any CPU.ActiveCfg = Release|Any CPU
		{F989A90A-717B-40AE-8AD1-FEE2AC13AA79}.Release|Any CPU.Build.0 = Release|Any CPU
		{8F7BC7A6-1AA5-4681-93B7-F054DAF63358}.Debug|Any CPU.ActiveCfg = Debug|Any CPU
		{8F7BC7A6-1AA5-4681-93B7-F054DAF63358}.Debug|Any CPU.Build.0 = Debug|Any CPU
		{8F7BC7A6-1AA5-4681-93B7-F054DAF63358}.Release|Any CPU.ActiveCfg = Release|Any CPU
		{8F7BC7A6-1AA5-4681-93B7-F054DAF63358}.Release|Any CPU.Build.0 = Release|Any CPU
	EndGlobalSection
	GlobalSection(SolutionProperties) = preSolution
		HideSolutionNode = FALSE
	EndGlobalSection
	GlobalSection(ExtensibilityGlobals) = postSolution
		SolutionGuid = {4BF5A421-8524-4EEC-836A-02A7A4FC86E8}
	EndGlobalSection
EndGlobal
